Microsoft Visual Studio Solution File, Format Version 12.00
# Visual Studio Version 17
VisualStudioVersion = 17.7.34031.279
MinimumVisualStudioVersion = 10.0.40219.1
Project("{9A19103F-16F7-4668-BE54-9A1E7A4F7556}") = "SQLiteWrap", "SQLiteWrap.csproj", "{3578026C-8BA2-4AC3-A09D-2180489AD69C}"
EndProject
Global
	GlobalSection(SolutionConfigurationPlatforms) = preSolution
		Debug|Any CPU = Debug|Any CPU
		Release|Any CPU = Release|Any CPU
	EndGlobalSection
	GlobalSection(ProjectConfigurationPlatforms) = postSolution
		{3578026C-8BA2-4AC3-A09D-2180489AD69C}.Debug|Any CPU.ActiveCfg = Debug|Any CPU
		{3578026C-8BA2-4AC3-A09D-2180489AD69C}.Debug|Any CPU.Build.0 = Debug|Any CPU
		{3578026C-8BA2-4AC3-A09D-2180489AD69C}.Release|Any CPU.ActiveCfg = Release|Any CPU
		{3578026C-8BA2-4AC3-A09D-2180489AD69C}.Release|Any CPU.Build.0 = Release|Any CPU
	EndGlobalSection
	GlobalSection(SolutionProperties) = preSolution
		HideSolutionNode = FALSE
	EndGlobalSection
	GlobalSection(ExtensibilityGlobals) = postSolution
		SolutionGuid = {90ECC0EB-76C2-4D86-93BF-5440BE656828}
	EndGlobalSection
EndGlobal
